// !$*UTF8*$!
{
	archiveVersion = 1;
	classes = {
	};
	objectVersion = 56;
	objects = {

/* Begin PBXFileReference section */
		7313650C2AEAAE38009E5EC3 /* README.md */ = {isa = PBXFileReference; lastKnownFileType = net.daringfireball.markdown; path = README.md; sourceTree = "<group>"; };
		7313650D2AEAAE9A009E5EC3 /* 13.RomanToInteger.playground */ = {isa = PBXFileReference; lastKnownFileType = file.playground; path = 13.RomanToInteger.playground; sourceTree = "<group>"; xcLanguageSpecificationIdentifier = xcode.lang.swift; };
		7313650E2AEBC42A009E5EC3 /* 14.LongestCommonPrefix.playground */ = {isa = PBXFileReference; lastKnownFileType = file.playground; path = 14.LongestCommonPrefix.playground; sourceTree = "<group>"; xcLanguageSpecificationIdentifier = xcode.lang.swift; };
		7313650F2AEBF51A009E5EC3 /* 20.ValidParentheses.playground */ = {isa = PBXFileReference; lastKnownFileType = file.playground; path = 20.ValidParentheses.playground; sourceTree = "<group>"; xcLanguageSpecificationIdentifier = xcode.lang.swift; };
		731365102AEFCFB5009E5EC3 /* 21.MergeTwoSortedLists.playground */ = {isa = PBXFileReference; lastKnownFileType = file.playground; path = 21.MergeTwoSortedLists.playground; sourceTree = "<group>"; xcLanguageSpecificationIdentifier = xcode.lang.swift; };
		731365112AF147F7009E5EC3 /* 26.RemoveDuplicatesFromSortedArray.playground */ = {isa = PBXFileReference; lastKnownFileType = file.playground; path = 26.RemoveDuplicatesFromSortedArray.playground; sourceTree = "<group>"; xcLanguageSpecificationIdentifier = xcode.lang.swift; };
		7317F4AD2AE95C0B00B78354 /* 1.TwoSum.playground */ = {isa = PBXFileReference; lastKnownFileType = file.playground; path = 1.TwoSum.playground; sourceTree = "<group>"; xcLanguageSpecificationIdentifier = xcode.lang.swift; };
		732821982AFE68CB008B23F8 /* 67.AddBinary.playground */ = {isa = PBXFileReference; lastKnownFileType = file.playground; path = 67.AddBinary.playground; sourceTree = "<group>"; xcLanguageSpecificationIdentifier = xcode.lang.swift; };
		73525AC82AFB9DAF00ACE8E4 /* 27.RemoveElement.playground */ = {isa = PBXFileReference; lastKnownFileType = file.playground; path = 27.RemoveElement.playground; sourceTree = "<group>"; xcLanguageSpecificationIdentifier = xcode.lang.swift; };
		73525AC92AFBA50900ACE8E4 /* 28.FindIndexOfFirstOccurrenceInString.playground */ = {isa = PBXFileReference; lastKnownFileType = file.playground; path = 28.FindIndexOfFirstOccurrenceInString.playground; sourceTree = "<group>"; xcLanguageSpecificationIdentifier = xcode.lang.swift; };
		73525ACA2AFBB03600ACE8E4 /* 35.SearchInsertPosition.playground */ = {isa = PBXFileReference; lastKnownFileType = file.playground; path = 35.SearchInsertPosition.playground; sourceTree = "<group>"; xcLanguageSpecificationIdentifier = xcode.lang.swift; };
		73525ACB2AFBC15400ACE8E4 /* 58.LengthOfLastWord.playground */ = {isa = PBXFileReference; lastKnownFileType = file.playground; path = 58.LengthOfLastWord.playground; sourceTree = "<group>"; xcLanguageSpecificationIdentifier = xcode.lang.swift; };
		73525ACC2AFBC7BB00ACE8E4 /* 66.PlusOne.playground */ = {isa = PBXFileReference; lastKnownFileType = file.playground; path = 66.PlusOne.playground; sourceTree = "<group>"; xcLanguageSpecificationIdentifier = xcode.lang.swift; };
		7391B0002AE95FA300D4D28A /* 9.PalindromeNumber.playground */ = {isa = PBXFileReference; lastKnownFileType = file.playground; path = 9.PalindromeNumber.playground; sourceTree = "<group>"; xcLanguageSpecificationIdentifier = xcode.lang.swift; };
/* End PBXFileReference section */

/* Begin PBXGroup section */
		7317F49E2AE9589900B78354 = {
			isa = PBXGroup;
			children = (
				7313650C2AEAAE38009E5EC3 /* README.md */,
				7317F4AF2AE95C3D00B78354 /* Easy */,
			);
			sourceTree = "<group>";
		};
		7317F4AF2AE95C3D00B78354 /* Easy */ = {
			isa = PBXGroup;
			children = (
				7317F4AD2AE95C0B00B78354 /* 1.TwoSum.playground */,
				7391B0002AE95FA300D4D28A /* 9.PalindromeNumber.playground */,
				7313650D2AEAAE9A009E5EC3 /* 13.RomanToInteger.playground */,
				7313650E2AEBC42A009E5EC3 /* 14.LongestCommonPrefix.playground */,
				7313650F2AEBF51A009E5EC3 /* 20.ValidParentheses.playground */,
				731365102AEFCFB5009E5EC3 /* 21.MergeTwoSortedLists.playground */,
				731365112AF147F7009E5EC3 /* 26.RemoveDuplicatesFromSortedArray.playground */,
				73525AC82AFB9DAF00ACE8E4 /* 27.RemoveElement.playground */,
				73525AC92AFBA50900ACE8E4 /* 28.FindIndexOfFirstOccurrenceInString.playground */,
				73525ACA2AFBB03600ACE8E4 /* 35.SearchInsertPosition.playground */,
				73525ACB2AFBC15400ACE8E4 /* 58.LengthOfLastWord.playground */,
				73525ACC2AFBC7BB00ACE8E4 /* 66.PlusOne.playground */,
				732821982AFE68CB008B23F8 /* 67.AddBinary.playground */,
			);
			path = Easy;
			sourceTree = "<group>";
		};
/* End PBXGroup section */

/* Begin PBXProject section */
		7317F49F2AE9589900B78354 /* Project object */ = {
			isa = PBXProject;
			attributes = {
				BuildIndependentTargetsInParallel = 1;
				LastUpgradeCheck = 1500;
			};
			buildConfigurationList = 7317F4A22AE9589900B78354 /* Build configuration list for PBXProject "SwiftLeetCode" */;
			compatibilityVersion = "Xcode 14.0";
			developmentRegion = en;
			hasScannedForEncodings = 0;
			knownRegions = (
				en,
				Base,
			);
			mainGroup = 7317F49E2AE9589900B78354;
			projectDirPath = "";
			projectRoot = "";
			targets = (
			);
		};
/* End PBXProject section */

/* Begin XCBuildConfiguration section */
		7317F4A32AE9589900B78354 /* Debug */ = {
			isa = XCBuildConfiguration;
			buildSettings = {
			};
			name = Debug;
		};
		7317F4A42AE9589900B78354 /* Release */ = {
			isa = XCBuildConfiguration;
			buildSettings = {
			};
			name = Release;
		};
/* End XCBuildConfiguration section */

/* Begin XCConfigurationList section */
		7317F4A22AE9589900B78354 /* Build configuration list for PBXProject "SwiftLeetCode" */ = {
			isa = XCConfigurationList;
			buildConfigurations = (
				7317F4A32AE9589900B78354 /* Debug */,
				7317F4A42AE9589900B78354 /* Release */,
			);
			defaultConfigurationIsVisible = 0;
			defaultConfigurationName = Release;
		};
/* End XCConfigurationList section */
	};
	rootObject = 7317F49F2AE9589900B78354 /* Project object */;
}
